
Microsoft Visual Studio Solution File, Format Version 12.00
# Visual Studio Version 17
VisualStudioVersion = 17.4.33205.214
MinimumVisualStudioVersion = 10.0.40219.1
Project("{FAE04EC0-301F-11D3-BF4B-00C04F79EFBC}") = "FrancisLibrary", "FrancisLibrary\FrancisLibrary.csproj", "{437CDD2F-4EFC-4278-A2ED-82A16DED186A}"
EndProject
Project("{FAE04EC0-301F-11D3-BF4B-00C04F79EFBC}") = "FrancisLibrary.Core", "FrancisLibrary.Core\FrancisLibrary.Core.csproj", "{6F91D65A-91D7-41D3-B885-83B6EBE5FD64}"
EndProject
Global
	GlobalSection(SolutionConfigurationPlatforms) = preSolution
		Debug|Any CPU = Debug|Any CPU
		Release|Any CPU = Release|Any CPU
	EndGlobalSection
	GlobalSection(ProjectConfigurationPlatforms) = postSolution
		{437CDD2F-4EFC-4278-A2ED-82A16DED186A}.Debug|Any CPU.ActiveCfg = Debug|Any CPU
		{437CDD2F-4EFC-4278-A2ED-82A16DED186A}.Debug|Any CPU.Build.0 = Debug|Any CPU
		{437CDD2F-4EFC-4278-A2ED-82A16DED186A}.Release|Any CPU.ActiveCfg = Release|Any CPU
		{437CDD2F-4EFC-4278-A2ED-82A16DED186A}.Release|Any CPU.Build.0 = Release|Any CPU
		{6F91D65A-91D7-41D3-B885-83B6EBE5FD64}.Debug|Any CPU.ActiveCfg = Debug|Any CPU
		{6F91D65A-91D7-41D3-B885-83B6EBE5FD64}.Debug|Any CPU.Build.0 = Debug|Any CPU
		{6F91D65A-91D7-41D3-B885-83B6EBE5FD64}.Release|Any CPU.ActiveCfg = Release|Any CPU
		{6F91D65A-91D7-41D3-B885-83B6EBE5FD64}.Release|Any CPU.Build.0 = Release|Any CPU
	EndGlobalSection
	GlobalSection(SolutionProperties) = preSolution
		HideSolutionNode = FALSE
	EndGlobalSection
	GlobalSection(ExtensibilityGlobals) = postSolution
		SolutionGuid = {A8970C50-7193-459F-9E26-4A8160A715E8}
	EndGlobalSection
EndGlobal
